PODS:
  - ACEDrawingView (1.3.7)
  - Alamofire (2.0.2)
  - AllKanjiBezierPath (0.0.7):
    - SQLite.swift
  - Device (1.0.1)
  - DGElasticPullToRefresh (1.0.3)
  - GCHelper (0.3.2)
  - NJKScrollFullScreen (0.2.6)
  - PermissionScope (1.0.2)
  - RESideMenu (4.0.7)
  - SQLite.swift (0.10.1)
  - StrokeDrawingView (0.1.1)
  - UICKeyChainStore (2.1.0)
  - UIImageView-PlayGIF (1.0.5)
  - WaniKit (2.0.3)

DEPENDENCIES:
  - ACEDrawingView
  - Alamofire (~> 2.0)
  - AllKanjiBezierPath (from `https://github.com/haawa799/AllKanjiBezierPath.git`, branch `master`)
  - Device (~> 1.0.1)
  - DGElasticPullToRefresh (from `https://github.com/gontovnik/DGElasticPullToRefresh`, branch `master`)
  - GCHelper (~> 0.2)
  - NJKScrollFullScreen
  - PermissionScope
  - RESideMenu
  - StrokeDrawingView (from `https://github.com/haawa799/StrokeDrawingView.git`, branch `master`)
  - UICKeyChainStore
  - UIImageView-PlayGIF
  - WaniKit

EXTERNAL SOURCES:
  AllKanjiBezierPath:
    :branch: master
    :git: https://github.com/haawa799/AllKanjiBezierPath.git
  DGElasticPullToRefresh:
    :branch: master
    :git: https://github.com/gontovnik/DGElasticPullToRefresh
  StrokeDrawingView:
    :branch: master
    :git: https://github.com/haawa799/StrokeDrawingView.git

CHECKOUT OPTIONS:
  AllKanjiBezierPath:
    :commit: 2f08bcf7000a5aba5f34cf9b8e83c6757f0fc421
    :git: https://github.com/haawa799/AllKanjiBezierPath.git
  DGElasticPullToRefresh:
    :commit: f9609227855702d94c2c880e4ca058b631d4376f
    :git: https://github.com/gontovnik/DGElasticPullToRefresh
  StrokeDrawingView:
    :commit: 769b88a4e6dd2d190e35c74bee54d45dd8e80fa8
    :git: https://github.com/haawa799/StrokeDrawingView.git

SPEC CHECKSUMS:
  ACEDrawingView: 325b5cd00125766c6df9b30aa3a7b68866d2ce16
  Alamofire: 8edbab00802a752bb5240cc2abe70e7e881488ad
  AllKanjiBezierPath: 351efe13c64b6a770aace32e1d469cd838ac56a2
  Device: 7ed5b87db148886e8c3cbcdde5dc997baddbe10b
  DGElasticPullToRefresh: 040f39ae69840b3261d163fe6735c5901bf851e9
  GCHelper: f8b582b6aea213cda16a13d9d30ec7a009b30192
  NJKScrollFullScreen: 13e370f935da7385b92779644b31df8d83a91447
  PermissionScope: 860828c5516d349b6f49e5491799cfef33c5ccc7
  RESideMenu: f24c508404b49c667344c54aba7e590883533958
  SQLite.swift: 6a6e4b034efc317ce4e203b6af2d3024fee2b570
  StrokeDrawingView: 5d26664a4391804118fbfc2b3d4a5235a0057749
  UICKeyChainStore: f1cbd42216a113f0165de1e733e62905b8823432
  UIImageView-PlayGIF: 445c8b31b3a43271dd3d565d9c0c612fa59ae830
  WaniKit: 8a256d940fb613d6adedf6748a761fd26282b69b

PODFILE CHECKSUM: ec69a507634c6c96646ca8be46301dd08ce1ad45

COCOAPODS: 1.0.0.beta.4
