// !$*UTF8*$!
{
	archiveVersion = 1;
	classes = {
	};
	objectVersion = 46;
	objects = {

/* Begin PBXBuildFile section */
		431A31321BFF59600080944E /* Fipps-Regular.otf in Resources */ = {isa = PBXBuildFile; fileRef = 431A31311BFF59600080944E /* Fipps-Regular.otf */; };
		4329D0EA1BBC6DB2009BEABF /* LevelProgression.swift in Sources */ = {isa = PBXBuildFile; fileRef = 4329D0E91BBC6DB2009BEABF /* LevelProgression.swift */; };
		4329D0EC1BBD36E2009BEABF /* resize.js in Resources */ = {isa = PBXBuildFile; fileRef = 4329D0EB1BBD36E2009BEABF /* resize.js */; };
		432C07181BB2E15A0031B3B1 /* notification.m4a in Resources */ = {isa = PBXBuildFile; fileRef = 432C07171BB2E15A0031B3B1 /* notification.m4a */; };
		432C072C1BB3272C0031B3B1 /* AvaliableItemCell.swift in Sources */ = {isa = PBXBuildFile; fileRef = 432C071E1BB3272C0031B3B1 /* AvaliableItemCell.swift */; };
		432C072D1BB3272C0031B3B1 /* AvaliableItemCell.xib in Resources */ = {isa = PBXBuildFile; fileRef = 432C071F1BB3272C0031B3B1 /* AvaliableItemCell.xib */; };
		432C072E1BB3272C0031B3B1 /* NextReviewCell.swift in Sources */ = {isa = PBXBuildFile; fileRef = 432C07201BB3272C0031B3B1 /* NextReviewCell.swift */; };
		432C072F1BB3272C0031B3B1 /* NextReviewCell.xib in Resources */ = {isa = PBXBuildFile; fileRef = 432C07211BB3272C0031B3B1 /* NextReviewCell.xib */; };
		432C07301BB3272C0031B3B1 /* ReviewCell.swift in Sources */ = {isa = PBXBuildFile; fileRef = 432C07221BB3272C0031B3B1 /* ReviewCell.swift */; };
		432C07311BB3272C0031B3B1 /* ReviewCell.xib in Resources */ = {isa = PBXBuildFile; fileRef = 432C07231BB3272C0031B3B1 /* ReviewCell.xib */; };
		432C07321BB3272C0031B3B1 /* SettingsScriptCell.swift in Sources */ = {isa = PBXBuildFile; fileRef = 432C07241BB3272C0031B3B1 /* SettingsScriptCell.swift */; };
		432C07331BB3272C0031B3B1 /* SettingsScriptCell.xib in Resources */ = {isa = PBXBuildFile; fileRef = 432C07251BB3272C0031B3B1 /* SettingsScriptCell.xib */; };
		432C07341BB3272C0031B3B1 /* DashboardHeader.swift in Sources */ = {isa = PBXBuildFile; fileRef = 432C07271BB3272C0031B3B1 /* DashboardHeader.swift */; };
		432C07351BB3272C0031B3B1 /* DashboardHeader.xib in Resources */ = {isa = PBXBuildFile; fileRef = 432C07281BB3272C0031B3B1 /* DashboardHeader.xib */; };
		432C07361BB3272C0031B3B1 /* AIFlatSwitch.swift in Sources */ = {isa = PBXBuildFile; fileRef = 432C072A1BB3272C0031B3B1 /* AIFlatSwitch.swift */; };
		432C07371BB3272C0031B3B1 /* DogeHintView.swift in Sources */ = {isa = PBXBuildFile; fileRef = 432C072B1BB3272C0031B3B1 /* DogeHintView.swift */; };
		432C07391BB32CF90031B3B1 /* SettingsLayout.swift in Sources */ = {isa = PBXBuildFile; fileRef = 432C07381BB32CF90031B3B1 /* SettingsLayout.swift */; };
		432C073B1BB338820031B3B1 /* SliceView.swift in Sources */ = {isa = PBXBuildFile; fileRef = 432C073A1BB338820031B3B1 /* SliceView.swift */; };
		432C073F1BB408AE0031B3B1 /* ignore.js in Resources */ = {isa = PBXBuildFile; fileRef = 432C073E1BB408AE0031B3B1 /* ignore.js */; };
		4330D2D91BA83EB800255890 /* Extensions.swift in Sources */ = {isa = PBXBuildFile; fileRef = 4330D2D81BA83EB800255890 /* Extensions.swift */; };
		433A3FAD1BCFACDF009C0FF1 /* LoginWebViewController.swift in Sources */ = {isa = PBXBuildFile; fileRef = 433A3FAC1BCFACDF009C0FF1 /* LoginWebViewController.swift */; };
		433BDC241BFB3BCC0025EB24 /* NotificationsSetupVC.swift in Sources */ = {isa = PBXBuildFile; fileRef = 433BDC231BFB3BCC0025EB24 /* NotificationsSetupVC.swift */; };
		433BDC261BFB407F0025EB24 /* SetupStepViewController.swift in Sources */ = {isa = PBXBuildFile; fileRef = 433BDC251BFB407F0025EB24 /* SetupStepViewController.swift */; };
		433BDC281BFB4B290025EB24 /* GameCenterSetupVC.swift in Sources */ = {isa = PBXBuildFile; fileRef = 433BDC271BFB4B290025EB24 /* GameCenterSetupVC.swift */; };
		433E16511B846016007B7DE9 /* NotificationManager.swift in Sources */ = {isa = PBXBuildFile; fileRef = 433E164D1B846016007B7DE9 /* NotificationManager.swift */; };
		433E16521B846016007B7DE9 /* StudyQueueViewController.swift in Sources */ = {isa = PBXBuildFile; fileRef = 433E164F1B846016007B7DE9 /* StudyQueueViewController.swift */; };
		433E16591B8465D1007B7DE9 /* DashboardLayout.swift in Sources */ = {isa = PBXBuildFile; fileRef = 433E16581B8465D1007B7DE9 /* DashboardLayout.swift */; };
		433E165F1B84A6D0007B7DE9 /* DataFetchManager.swift in Sources */ = {isa = PBXBuildFile; fileRef = 433E165E1B84A6D0007B7DE9 /* DataFetchManager.swift */; };
		433E16A11B8A3408007B7DE9 /* ApiKeyPickerController.swift in Sources */ = {isa = PBXBuildFile; fileRef = 433E16A01B8A3408007B7DE9 /* ApiKeyPickerController.swift */; };
		433E28061B79D5E900BBB45E /* AppDelegate.swift in Sources */ = {isa = PBXBuildFile; fileRef = 433E28051B79D5E900BBB45E /* AppDelegate.swift */; };
		433E280B1B79D5E900BBB45E /* Main.storyboard in Resources */ = {isa = PBXBuildFile; fileRef = 433E28091B79D5E900BBB45E /* Main.storyboard */; };
		433E280D1B79D5E900BBB45E /* Images.xcassets in Resources */ = {isa = PBXBuildFile; fileRef = 433E280C1B79D5E900BBB45E /* Images.xcassets */; };
		433E28101B79D5E900BBB45E /* LaunchScreen.xib in Resources */ = {isa = PBXBuildFile; fileRef = 433E280E1B79D5E900BBB45E /* LaunchScreen.xib */; };
		433E281C1B79D5E900BBB45E /* WaniKaniTests.swift in Sources */ = {isa = PBXBuildFile; fileRef = 433E281B1B79D5E900BBB45E /* WaniKaniTests.swift */; };
		434673D81BDE53B80095A4A3 /* GameCenterViewController.swift in Sources */ = {isa = PBXBuildFile; fileRef = 434673D71BDE53B80095A4A3 /* GameCenterViewController.swift */; };
		434673DD1BDE6F240095A4A3 /* GameCenterCollectionViewCell.swift in Sources */ = {isa = PBXBuildFile; fileRef = 434673DB1BDE6F240095A4A3 /* GameCenterCollectionViewCell.swift */; };
		434673DE1BDE6F240095A4A3 /* GameCenterCollectionViewCell.xib in Resources */ = {isa = PBXBuildFile; fileRef = 434673DC1BDE6F240095A4A3 /* GameCenterCollectionViewCell.xib */; };
		434673E01BDEC8840095A4A3 /* score.js in Resources */ = {isa = PBXBuildFile; fileRef = 434673DF1BDEC8840095A4A3 /* score.js */; };
		435E48621BE88DB500C06C3B /* ReviewItem.swift in Sources */ = {isa = PBXBuildFile; fileRef = 435E48611BE88DB500C06C3B /* ReviewItem.swift */; };
		435E48641BE89F1200C06C3B /* CriticalItemsList.swift in Sources */ = {isa = PBXBuildFile; fileRef = 435E48631BE89F1200C06C3B /* CriticalItemsList.swift */; };
		435E48661BE8C1CA00C06C3B /* CriticalItemsListTests.swift in Sources */ = {isa = PBXBuildFile; fileRef = 435E48651BE8C1CA00C06C3B /* CriticalItemsListTests.swift */; };
		435E48681BE8D6A200C06C3B /* json.swift in Sources */ = {isa = PBXBuildFile; fileRef = 435E48671BE8D6A200C06C3B /* json.swift */; };
		43850CF41B9DB86F00DFF6DD /* fast_forward.js in Resources */ = {isa = PBXBuildFile; fileRef = 43850CF31B9DB86F00DFF6DD /* fast_forward.js */; };
		43AABDA21BEB452700F2D5B8 /* CriticalItemsViewController.swift in Sources */ = {isa = PBXBuildFile; fileRef = 43AABDA11BEB452700F2D5B8 /* CriticalItemsViewController.swift */; };
		43AABDA51BEB47BC00F2D5B8 /* WordCell.swift in Sources */ = {isa = PBXBuildFile; fileRef = 43AABDA31BEB47BC00F2D5B8 /* WordCell.swift */; };
		43AABDA61BEB47BC00F2D5B8 /* WordCell.xib in Resources */ = {isa = PBXBuildFile; fileRef = 43AABDA41BEB47BC00F2D5B8 /* WordCell.xib */; };
		43AD052F1BA044BA000DBCBE /* UserScript.swift in Sources */ = {isa = PBXBuildFile; fileRef = 43AD052E1BA044BA000DBCBE /* UserScript.swift */; };
		43AD05311BA05648000DBCBE /* UserScriptsSuit.swift in Sources */ = {isa = PBXBuildFile; fileRef = 43AD05301BA05648000DBCBE /* UserScriptsSuit.swift */; };
		43AD05331BA078A8000DBCBE /* ColorfullTabBarController.swift in Sources */ = {isa = PBXBuildFile; fileRef = 43AD05321BA078A8000DBCBE /* ColorfullTabBarController.swift */; };
		43AFAFC61B8C96130016E55F /* Utils.swift in Sources */ = {isa = PBXBuildFile; fileRef = 43AFAFC51B8C96130016E55F /* Utils.swift */; };
		43AFAFC81B8CA1060016E55F /* WebViewController.swift in Sources */ = {isa = PBXBuildFile; fileRef = 43AFAFC71B8CA1060016E55F /* WebViewController.swift */; };
		43B5F8AA1C0C84C900DA9893 /* DogeHintView.xib in Resources */ = {isa = PBXBuildFile; fileRef = 43B5F8AC1C0C84C900DA9893 /* DogeHintView.xib */; };
		43C306731B79D75D00DEB6A4 /* WaniKit.h in Headers */ = {isa = PBXBuildFile; fileRef = 43C306721B79D75D00DEB6A4 /* WaniKit.h */; settings = {ATTRIBUTES = (Public, ); }; };
		43C306791B79D75D00DEB6A4 /* WaniKit.framework in Frameworks */ = {isa = PBXBuildFile; fileRef = 43C3066E1B79D75D00DEB6A4 /* WaniKit.framework */; };
		43C306821B79D75D00DEB6A4 /* WaniKitTests.swift in Sources */ = {isa = PBXBuildFile; fileRef = 43C306811B79D75D00DEB6A4 /* WaniKitTests.swift */; };
		43C306851B79D75D00DEB6A4 /* WaniKit.framework in Frameworks */ = {isa = PBXBuildFile; fileRef = 43C3066E1B79D75D00DEB6A4 /* WaniKit.framework */; };
		43C306861B79D75D00DEB6A4 /* WaniKit.framework in Embed Frameworks */ = {isa = PBXBuildFile; fileRef = 43C3066E1B79D75D00DEB6A4 /* WaniKit.framework */; settings = {ATTRIBUTES = (CodeSignOnCopy, RemoveHeadersOnCopy, ); }; };
		43C3068F1B79D79900DEB6A4 /* WaniApiManager.swift in Sources */ = {isa = PBXBuildFile; fileRef = 43C3068E1B79D79900DEB6A4 /* WaniApiManager.swift */; };
		43CA14101BC4FB6A00FBAD92 /* SettingsSuit.swift in Sources */ = {isa = PBXBuildFile; fileRef = 43CA140F1BC4FB6A00FBAD92 /* SettingsSuit.swift */; };
		43CF8C1B1BB996C7009AA489 /* BrowserViewController.swift in Sources */ = {isa = PBXBuildFile; fileRef = 43CF8C1A1BB996C7009AA489 /* BrowserViewController.swift */; };
		43D748781BD7ADC200A11916 /* AwardsManager.swift in Sources */ = {isa = PBXBuildFile; fileRef = 43D748771BD7ADC200A11916 /* AwardsManager.swift */; };
		43D824FC1B7A2951003D26BE /* User.swift in Sources */ = {isa = PBXBuildFile; fileRef = 43D824FB1B7A2951003D26BE /* User.swift */; };
		43D824FE1B7B117A003D26BE /* StudyQueue.swift in Sources */ = {isa = PBXBuildFile; fileRef = 43D824FD1B7B117A003D26BE /* StudyQueue.swift */; };
		43D825001B7B16AE003D26BE /* DictionaryConvertable.swift in Sources */ = {isa = PBXBuildFile; fileRef = 43D824FF1B7B16AE003D26BE /* DictionaryConvertable.swift */; };
		43E4567D1BBAD47A0043ECAE /* ProgressHeader.swift in Sources */ = {isa = PBXBuildFile; fileRef = 43E4567C1BBAD47A0043ECAE /* ProgressHeader.swift */; };
		43E4567F1BBAD4A30043ECAE /* ProgressHeader.xib in Resources */ = {isa = PBXBuildFile; fileRef = 43E4567E1BBAD4A30043ECAE /* ProgressHeader.xib */; };
		43E456811BBAD5690043ECAE /* DoubleProgressBar.swift in Sources */ = {isa = PBXBuildFile; fileRef = 43E456801BBAD5690043ECAE /* DoubleProgressBar.swift */; };
		43E456831BBBD1A20043ECAE /* StratchyLayout.swift in Sources */ = {isa = PBXBuildFile; fileRef = 43E456821BBBD1A20043ECAE /* StratchyLayout.swift */; };
		43E456851BBC1FEF0043ECAE /* LevelInfoView.swift in Sources */ = {isa = PBXBuildFile; fileRef = 43E456841BBC1FEF0043ECAE /* LevelInfoView.swift */; };
		43E456871BBC1FFE0043ECAE /* LevelInfoView.xib in Resources */ = {isa = PBXBuildFile; fileRef = 43E456861BBC1FFE0043ECAE /* LevelInfoView.xib */; };
		43E851B51BEBA6340030E52E /* CriticalItemsLayout.swift in Sources */ = {isa = PBXBuildFile; fileRef = 43E851B41BEBA6340030E52E /* CriticalItemsLayout.swift */; };
		43EBC09E1BA5F6C000C0B390 /* SettingsViewController.swift in Sources */ = {isa = PBXBuildFile; fileRef = 43EBC09D1BA5F6C000C0B390 /* SettingsViewController.swift */; };
		43EBC0A21BA5FD7A00C0B390 /* Fabric.framework in Frameworks */ = {isa = PBXBuildFile; fileRef = 43EBC0A01BA5FD7A00C0B390 /* Fabric.framework */; };
		43EBC0A31BA5FD7A00C0B390 /* Crashlytics.framework in Frameworks */ = {isa = PBXBuildFile; fileRef = 43EBC0A11BA5FD7A00C0B390 /* Crashlytics.framework */; };
		43F443691BA9AF2B00726619 /* WaniApiManagerTests.swift in Sources */ = {isa = PBXBuildFile; fileRef = 43F443681BA9AF2B00726619 /* WaniApiManagerTests.swift */; };
		43FD50F81BE01F1800944AC0 /* GameKit.framework in Frameworks */ = {isa = PBXBuildFile; fileRef = 43FD50F71BE01F1800944AC0 /* GameKit.framework */; };
		62798FF1436B89758C73F9B9 /* Pods.framework in Frameworks */ = {isa = PBXBuildFile; fileRef = 08CAC6D6A8578DF22EC21F90 /* Pods.framework */; };
		6F1845F366BFB2647DFD5ABE /* Pods.framework in Frameworks */ = {isa = PBXBuildFile; fileRef = 08CAC6D6A8578DF22EC21F90 /* Pods.framework */; settings = {ATTRIBUTES = (Weak, ); }; };
/* End PBXBuildFile section */

/* Begin PBXContainerItemProxy section */
		433E28161B79D5E900BBB45E /* PBXContainerItemProxy */ = {
			isa = PBXContainerItemProxy;
			containerPortal = 433E27F81B79D5E900BBB45E /* Project object */;
			proxyType = 1;
			remoteGlobalIDString = 433E27FF1B79D5E900BBB45E;
			remoteInfo = WaniKani;
		};
		43C3067A1B79D75D00DEB6A4 /* PBXContainerItemProxy */ = {
			isa = PBXContainerItemProxy;
			containerPortal = 433E27F81B79D5E900BBB45E /* Project object */;
			proxyType = 1;
			remoteGlobalIDString = 43C3066D1B79D75D00DEB6A4;
			remoteInfo = WaniKit;
		};
		43C3067C1B79D75D00DEB6A4 /* PBXContainerItemProxy */ = {
			isa = PBXContainerItemProxy;
			containerPortal = 433E27F81B79D5E900BBB45E /* Project object */;
			proxyType = 1;
			remoteGlobalIDString = 433E27FF1B79D5E900BBB45E;
			remoteInfo = WaniKani;
		};
		43C306831B79D75D00DEB6A4 /* PBXContainerItemProxy */ = {
			isa = PBXContainerItemProxy;
			containerPortal = 433E27F81B79D5E900BBB45E /* Project object */;
			proxyType = 1;
			remoteGlobalIDString = 43C3066D1B79D75D00DEB6A4;
			remoteInfo = WaniKit;
		};
/* End PBXContainerItemProxy section */

/* Begin PBXCopyFilesBuildPhase section */
		43C3068C1B79D75D00DEB6A4 /* Embed Frameworks */ = {
			isa = PBXCopyFilesBuildPhase;
			buildActionMask = 2147483647;
			dstPath = "";
			dstSubfolderSpec = 10;
			files = (
				43C306861B79D75D00DEB6A4 /* WaniKit.framework in Embed Frameworks */,
			);
			name = "Embed Frameworks";
			runOnlyForDeploymentPostprocessing = 0;
		};
/* End PBXCopyFilesBuildPhase section */

/* Begin PBXFileReference section */
		00FAC170856032B3D23D6BF7 /* Pods.release.xcconfig */ = {isa = PBXFileReference; includeInIndex = 1; lastKnownFileType = text.xcconfig; name = Pods.release.xcconfig; path = "Pods/Target Support Files/Pods/Pods.release.xcconfig"; sourceTree = "<group>"; };
		08CAC6D6A8578DF22EC21F90 /* Pods.framework */ = {isa = PBXFileReference; explicitFileType = wrapper.framework; includeInIndex = 0; path = Pods.framework; sourceTree = BUILT_PRODUCTS_DIR; };
		3A92639A6694898D4DC3DEDB /* Pods.debug.xcconfig */ = {isa = PBXFileReference; includeInIndex = 1; lastKnownFileType = text.xcconfig; name = Pods.debug.xcconfig; path = "Pods/Target Support Files/Pods/Pods.debug.xcconfig"; sourceTree = "<group>"; };
		431A31311BFF59600080944E /* Fipps-Regular.otf */ = {isa = PBXFileReference; lastKnownFileType = file; path = "Fipps-Regular.otf"; sourceTree = "<group>"; };
		4329D0E91BBC6DB2009BEABF /* LevelProgression.swift */ = {isa = PBXFileReference; fileEncoding = 4; lastKnownFileType = sourcecode.swift; path = LevelProgression.swift; sourceTree = "<group>"; };
		4329D0EB1BBD36E2009BEABF /* resize.js */ = {isa = PBXFileReference; fileEncoding = 4; lastKnownFileType = sourcecode.javascript; path = resize.js; sourceTree = "<group>"; };
		432C07171BB2E15A0031B3B1 /* notification.m4a */ = {isa = PBXFileReference; lastKnownFileType = file; path = notification.m4a; sourceTree = "<group>"; };
		432C071E1BB3272C0031B3B1 /* AvaliableItemCell.swift */ = {isa = PBXFileReference; fileEncoding = 4; lastKnownFileType = sourcecode.swift; path = AvaliableItemCell.swift; sourceTree = "<group>"; };
		432C071F1BB3272C0031B3B1 /* AvaliableItemCell.xib */ = {isa = PBXFileReference; fileEncoding = 4; lastKnownFileType = file.xib; path = AvaliableItemCell.xib; sourceTree = "<group>"; };
		432C07201BB3272C0031B3B1 /* NextReviewCell.swift */ = {isa = PBXFileReference; fileEncoding = 4; lastKnownFileType = sourcecode.swift; path = NextReviewCell.swift; sourceTree = "<group>"; };
		432C07211BB3272C0031B3B1 /* NextReviewCell.xib */ = {isa = PBXFileReference; fileEncoding = 4; lastKnownFileType = file.xib; path = NextReviewCell.xib; sourceTree = "<group>"; };
		432C07221BB3272C0031B3B1 /* ReviewCell.swift */ = {isa = PBXFileReference; fileEncoding = 4; lastKnownFileType = sourcecode.swift; path = ReviewCell.swift; sourceTree = "<group>"; };
		432C07231BB3272C0031B3B1 /* ReviewCell.xib */ = {isa = PBXFileReference; fileEncoding = 4; lastKnownFileType = file.xib; path = ReviewCell.xib; sourceTree = "<group>"; };
		432C07241BB3272C0031B3B1 /* SettingsScriptCell.swift */ = {isa = PBXFileReference; fileEncoding = 4; lastKnownFileType = sourcecode.swift; path = SettingsScriptCell.swift; sourceTree = "<group>"; };
		432C07251BB3272C0031B3B1 /* SettingsScriptCell.xib */ = {isa = PBXFileReference; fileEncoding = 4; lastKnownFileType = file.xib; path = SettingsScriptCell.xib; sourceTree = "<group>"; };
		432C07271BB3272C0031B3B1 /* DashboardHeader.swift */ = {isa = PBXFileReference; fileEncoding = 4; lastKnownFileType = sourcecode.swift; path = DashboardHeader.swift; sourceTree = "<group>"; };
		432C07281BB3272C0031B3B1 /* DashboardHeader.xib */ = {isa = PBXFileReference; fileEncoding = 4; lastKnownFileType = file.xib; path = DashboardHeader.xib; sourceTree = "<group>"; };
		432C072A1BB3272C0031B3B1 /* AIFlatSwitch.swift */ = {isa = PBXFileReference; fileEncoding = 4; lastKnownFileType = sourcecode.swift; path = AIFlatSwitch.swift; sourceTree = "<group>"; };
		432C072B1BB3272C0031B3B1 /* DogeHintView.swift */ = {isa = PBXFileReference; fileEncoding = 4; lastKnownFileType = sourcecode.swift; path = DogeHintView.swift; sourceTree = "<group>"; };
		432C07381BB32CF90031B3B1 /* SettingsLayout.swift */ = {isa = PBXFileReference; fileEncoding = 4; lastKnownFileType = sourcecode.swift; path = SettingsLayout.swift; sourceTree = "<group>"; };
		432C073A1BB338820031B3B1 /* SliceView.swift */ = {isa = PBXFileReference; fileEncoding = 4; lastKnownFileType = sourcecode.swift; path = SliceView.swift; sourceTree = "<group>"; };
		432C073E1BB408AE0031B3B1 /* ignore.js */ = {isa = PBXFileReference; fileEncoding = 4; lastKnownFileType = sourcecode.javascript; path = ignore.js; sourceTree = "<group>"; };
		4330D2D81BA83EB800255890 /* Extensions.swift */ = {isa = PBXFileReference; fileEncoding = 4; lastKnownFileType = sourcecode.swift; path = Extensions.swift; sourceTree = "<group>"; };
		433A3FAC1BCFACDF009C0FF1 /* LoginWebViewController.swift */ = {isa = PBXFileReference; fileEncoding = 4; lastKnownFileType = sourcecode.swift; path = LoginWebViewController.swift; sourceTree = "<group>"; };
		433BDC231BFB3BCC0025EB24 /* NotificationsSetupVC.swift */ = {isa = PBXFileReference; fileEncoding = 4; lastKnownFileType = sourcecode.swift; path = NotificationsSetupVC.swift; sourceTree = "<group>"; };
		433BDC251BFB407F0025EB24 /* SetupStepViewController.swift */ = {isa = PBXFileReference; fileEncoding = 4; lastKnownFileType = sourcecode.swift; path = SetupStepViewController.swift; sourceTree = "<group>"; };
		433BDC271BFB4B290025EB24 /* GameCenterSetupVC.swift */ = {isa = PBXFileReference; fileEncoding = 4; lastKnownFileType = sourcecode.swift; path = GameCenterSetupVC.swift; sourceTree = "<group>"; };
		433E164D1B846016007B7DE9 /* NotificationManager.swift */ = {isa = PBXFileReference; fileEncoding = 4; lastKnownFileType = sourcecode.swift; path = NotificationManager.swift; sourceTree = "<group>"; };
		433E164F1B846016007B7DE9 /* StudyQueueViewController.swift */ = {isa = PBXFileReference; fileEncoding = 4; lastKnownFileType = sourcecode.swift; path = StudyQueueViewController.swift; sourceTree = "<group>"; };
		433E16581B8465D1007B7DE9 /* DashboardLayout.swift */ = {isa = PBXFileReference; fileEncoding = 4; lastKnownFileType = sourcecode.swift; path = DashboardLayout.swift; sourceTree = "<group>"; };
		433E165E1B84A6D0007B7DE9 /* DataFetchManager.swift */ = {isa = PBXFileReference; fileEncoding = 4; lastKnownFileType = sourcecode.swift; path = DataFetchManager.swift; sourceTree = "<group>"; };
		433E16A01B8A3408007B7DE9 /* ApiKeyPickerController.swift */ = {isa = PBXFileReference; fileEncoding = 4; lastKnownFileType = sourcecode.swift; name = ApiKeyPickerController.swift; path = ../ApiKeyPickerController.swift; sourceTree = "<group>"; };
		433E28001B79D5E900BBB45E /* WaniKani.app */ = {isa = PBXFileReference; explicitFileType = wrapper.application; includeInIndex = 0; path = WaniKani.app; sourceTree = BUILT_PRODUCTS_DIR; };
		433E28041B79D5E900BBB45E /* Info.plist */ = {isa = PBXFileReference; lastKnownFileType = text.plist.xml; path = Info.plist; sourceTree = "<group>"; };
		433E28051B79D5E900BBB45E /* AppDelegate.swift */ = {isa = PBXFileReference; lastKnownFileType = sourcecode.swift; path = AppDelegate.swift; sourceTree = "<group>"; };
		433E280A1B79D5E900BBB45E /* Base */ = {isa = PBXFileReference; lastKnownFileType = file.storyboard; name = Base; path = Base.lproj/Main.storyboard; sourceTree = "<group>"; };
		433E280C1B79D5E900BBB45E /* Images.xcassets */ = {isa = PBXFileReference; lastKnownFileType = folder.assetcatalog; path = Images.xcassets; sourceTree = "<group>"; };
		433E280F1B79D5E900BBB45E /* Base */ = {isa = PBXFileReference; lastKnownFileType = file.xib; name = Base; path = Base.lproj/LaunchScreen.xib; sourceTree = "<group>"; };
		433E28151B79D5E900BBB45E /* WaniKaniTests.xctest */ = {isa = PBXFileReference; explicitFileType = wrapper.cfbundle; includeInIndex = 0; path = WaniKaniTests.xctest; sourceTree = BUILT_PRODUCTS_DIR; };
		433E281A1B79D5E900BBB45E /* Info.plist */ = {isa = PBXFileReference; lastKnownFileType = text.plist.xml; path = Info.plist; sourceTree = "<group>"; };
		433E281B1B79D5E900BBB45E /* WaniKaniTests.swift */ = {isa = PBXFileReference; lastKnownFileType = sourcecode.swift; path = WaniKaniTests.swift; sourceTree = "<group>"; };
		434673D71BDE53B80095A4A3 /* GameCenterViewController.swift */ = {isa = PBXFileReference; fileEncoding = 4; lastKnownFileType = sourcecode.swift; path = GameCenterViewController.swift; sourceTree = "<group>"; };
		434673DB1BDE6F240095A4A3 /* GameCenterCollectionViewCell.swift */ = {isa = PBXFileReference; fileEncoding = 4; lastKnownFileType = sourcecode.swift; path = GameCenterCollectionViewCell.swift; sourceTree = "<group>"; };
		434673DC1BDE6F240095A4A3 /* GameCenterCollectionViewCell.xib */ = {isa = PBXFileReference; fileEncoding = 4; lastKnownFileType = file.xib; path = GameCenterCollectionViewCell.xib; sourceTree = "<group>"; };
		434673DF1BDEC8840095A4A3 /* score.js */ = {isa = PBXFileReference; fileEncoding = 4; lastKnownFileType = sourcecode.javascript; path = score.js; sourceTree = "<group>"; };
		435E48611BE88DB500C06C3B /* ReviewItem.swift */ = {isa = PBXFileReference; fileEncoding = 4; lastKnownFileType = sourcecode.swift; path = ReviewItem.swift; sourceTree = "<group>"; };
		435E48631BE89F1200C06C3B /* CriticalItemsList.swift */ = {isa = PBXFileReference; fileEncoding = 4; lastKnownFileType = sourcecode.swift; path = CriticalItemsList.swift; sourceTree = "<group>"; };
		435E48651BE8C1CA00C06C3B /* CriticalItemsListTests.swift */ = {isa = PBXFileReference; fileEncoding = 4; lastKnownFileType = sourcecode.swift; path = CriticalItemsListTests.swift; sourceTree = "<group>"; };
		435E48671BE8D6A200C06C3B /* json.swift */ = {isa = PBXFileReference; fileEncoding = 4; lastKnownFileType = sourcecode.swift; path = json.swift; sourceTree = "<group>"; };
		43850CF31B9DB86F00DFF6DD /* fast_forward.js */ = {isa = PBXFileReference; fileEncoding = 4; lastKnownFileType = sourcecode.javascript; name = fast_forward.js; path = ../Utils/fast_forward.js; sourceTree = "<group>"; };
		43AABDA11BEB452700F2D5B8 /* CriticalItemsViewController.swift */ = {isa = PBXFileReference; fileEncoding = 4; lastKnownFileType = sourcecode.swift; path = CriticalItemsViewController.swift; sourceTree = "<group>"; };
		43AABDA31BEB47BC00F2D5B8 /* WordCell.swift */ = {isa = PBXFileReference; fileEncoding = 4; lastKnownFileType = sourcecode.swift; path = WordCell.swift; sourceTree = "<group>"; };
		43AABDA41BEB47BC00F2D5B8 /* WordCell.xib */ = {isa = PBXFileReference; fileEncoding = 4; lastKnownFileType = file.xib; path = WordCell.xib; sourceTree = "<group>"; };
		43AD052E1BA044BA000DBCBE /* UserScript.swift */ = {isa = PBXFileReference; fileEncoding = 4; lastKnownFileType = sourcecode.swift; path = UserScript.swift; sourceTree = "<group>"; };
		43AD05301BA05648000DBCBE /* UserScriptsSuit.swift */ = {isa = PBXFileReference; fileEncoding = 4; lastKnownFileType = sourcecode.swift; path = UserScriptsSuit.swift; sourceTree = "<group>"; };
		43AD05321BA078A8000DBCBE /* ColorfullTabBarController.swift */ = {isa = PBXFileReference; fileEncoding = 4; lastKnownFileType = sourcecode.swift; path = ColorfullTabBarController.swift; sourceTree = "<group>"; };
		43AFAFC51B8C96130016E55F /* Utils.swift */ = {isa = PBXFileReference; fileEncoding = 4; lastKnownFileType = sourcecode.swift; path = Utils.swift; sourceTree = "<group>"; };
		43AFAFC71B8CA1060016E55F /* WebViewController.swift */ = {isa = PBXFileReference; fileEncoding = 4; lastKnownFileType = sourcecode.swift; path = WebViewController.swift; sourceTree = "<group>"; };
		43B5F8AB1C0C84C900DA9893 /* Base */ = {isa = PBXFileReference; lastKnownFileType = file.xib; name = Base; path = Base.lproj/DogeHintView.xib; sourceTree = "<group>"; };
		43C3066E1B79D75D00DEB6A4 /* WaniKit.framework */ = {isa = PBXFileReference; explicitFileType = wrapper.framework; includeInIndex = 0; path = WaniKit.framework; sourceTree = BUILT_PRODUCTS_DIR; };
		43C306711B79D75D00DEB6A4 /* Info.plist */ = {isa = PBXFileReference; lastKnownFileType = text.plist.xml; path = Info.plist; sourceTree = "<group>"; };
		43C306721B79D75D00DEB6A4 /* WaniKit.h */ = {isa = PBXFileReference; lastKnownFileType = sourcecode.c.h; path = WaniKit.h; sourceTree = "<group>"; };
		43C306781B79D75D00DEB6A4 /* WaniKitTests.xctest */ = {isa = PBXFileReference; explicitFileType = wrapper.cfbundle; includeInIndex = 0; path = WaniKitTests.xctest; sourceTree = BUILT_PRODUCTS_DIR; };
		43C306801B79D75D00DEB6A4 /* Info.plist */ = {isa = PBXFileReference; lastKnownFileType = text.plist.xml; path = Info.plist; sourceTree = "<group>"; };
		43C306811B79D75D00DEB6A4 /* WaniKitTests.swift */ = {isa = PBXFileReference; lastKnownFileType = sourcecode.swift; path = WaniKitTests.swift; sourceTree = "<group>"; };
		43C3068E1B79D79900DEB6A4 /* WaniApiManager.swift */ = {isa = PBXFileReference; fileEncoding = 4; lastKnownFileType = sourcecode.swift; path = WaniApiManager.swift; sourceTree = "<group>"; };
		43CA140F1BC4FB6A00FBAD92 /* SettingsSuit.swift */ = {isa = PBXFileReference; fileEncoding = 4; lastKnownFileType = sourcecode.swift; path = SettingsSuit.swift; sourceTree = "<group>"; };
		43CF8C1A1BB996C7009AA489 /* BrowserViewController.swift */ = {isa = PBXFileReference; fileEncoding = 4; lastKnownFileType = sourcecode.swift; path = BrowserViewController.swift; sourceTree = "<group>"; };
		43D748771BD7ADC200A11916 /* AwardsManager.swift */ = {isa = PBXFileReference; fileEncoding = 4; lastKnownFileType = sourcecode.swift; path = AwardsManager.swift; sourceTree = "<group>"; };
		43D824FB1B7A2951003D26BE /* User.swift */ = {isa = PBXFileReference; fileEncoding = 4; lastKnownFileType = sourcecode.swift; path = User.swift; sourceTree = "<group>"; };
		43D824FD1B7B117A003D26BE /* StudyQueue.swift */ = {isa = PBXFileReference; fileEncoding = 4; lastKnownFileType = sourcecode.swift; path = StudyQueue.swift; sourceTree = "<group>"; };
		43D824FF1B7B16AE003D26BE /* DictionaryConvertable.swift */ = {isa = PBXFileReference; fileEncoding = 4; lastKnownFileType = sourcecode.swift; path = DictionaryConvertable.swift; sourceTree = "<group>"; };
		43E4567C1BBAD47A0043ECAE /* ProgressHeader.swift */ = {isa = PBXFileReference; fileEncoding = 4; lastKnownFileType = sourcecode.swift; path = ProgressHeader.swift; sourceTree = "<group>"; };
		43E4567E1BBAD4A30043ECAE /* ProgressHeader.xib */ = {isa = PBXFileReference; fileEncoding = 4; lastKnownFileType = file.xib; path = ProgressHeader.xib; sourceTree = "<group>"; };
		43E456801BBAD5690043ECAE /* DoubleProgressBar.swift */ = {isa = PBXFileReference; fileEncoding = 4; lastKnownFileType = sourcecode.swift; path = DoubleProgressBar.swift; sourceTree = "<group>"; };
		43E456821BBBD1A20043ECAE /* StratchyLayout.swift */ = {isa = PBXFileReference; fileEncoding = 4; lastKnownFileType = sourcecode.swift; path = StratchyLayout.swift; sourceTree = "<group>"; };
		43E456841BBC1FEF0043ECAE /* LevelInfoView.swift */ = {isa = PBXFileReference; fileEncoding = 4; lastKnownFileType = sourcecode.swift; path = LevelInfoView.swift; sourceTree = "<group>"; };
		43E456861BBC1FFE0043ECAE /* LevelInfoView.xib */ = {isa = PBXFileReference; fileEncoding = 4; lastKnownFileType = file.xib; path = LevelInfoView.xib; sourceTree = "<group>"; };
		43E851B41BEBA6340030E52E /* CriticalItemsLayout.swift */ = {isa = PBXFileReference; fileEncoding = 4; lastKnownFileType = sourcecode.swift; path = CriticalItemsLayout.swift; sourceTree = "<group>"; };
		43EBC09D1BA5F6C000C0B390 /* SettingsViewController.swift */ = {isa = PBXFileReference; fileEncoding = 4; lastKnownFileType = sourcecode.swift; path = SettingsViewController.swift; sourceTree = "<group>"; };
		43EBC0A01BA5FD7A00C0B390 /* Fabric.framework */ = {isa = PBXFileReference; lastKnownFileType = wrapper.framework; path = Fabric.framework; sourceTree = SOURCE_ROOT; };
		43EBC0A11BA5FD7A00C0B390 /* Crashlytics.framework */ = {isa = PBXFileReference; lastKnownFileType = wrapper.framework; path = Crashlytics.framework; sourceTree = SOURCE_ROOT; };
		43F443681BA9AF2B00726619 /* WaniApiManagerTests.swift */ = {isa = PBXFileReference; fileEncoding = 4; lastKnownFileType = sourcecode.swift; path = WaniApiManagerTests.swift; sourceTree = "<group>"; };
		43FD50F71BE01F1800944AC0 /* GameKit.framework */ = {isa = PBXFileReference; lastKnownFileType = wrapper.framework; name = GameKit.framework; path = System/Library/Frameworks/GameKit.framework; sourceTree = SDKROOT; };
/* End PBXFileReference section */

/* Begin PBXFrameworksBuildPhase section */
		433E27FD1B79D5E900BBB45E /* Frameworks */ = {
			isa = PBXFrameworksBuildPhase;
			buildActionMask = 2147483647;
			files = (
				43C306851B79D75D00DEB6A4 /* WaniKit.framework in Frameworks */,
				6F1845F366BFB2647DFD5ABE /* Pods.framework in Frameworks */,
				43EBC0A31BA5FD7A00C0B390 /* Crashlytics.framework in Frameworks */,
				43EBC0A21BA5FD7A00C0B390 /* Fabric.framework in Frameworks */,
				43FD50F81BE01F1800944AC0 /* GameKit.framework in Frameworks */,
			);
			runOnlyForDeploymentPostprocessing = 0;
		};
		433E28121B79D5E900BBB45E /* Frameworks */ = {
			isa = PBXFrameworksBuildPhase;
			buildActionMask = 2147483647;
			files = (
			);
			runOnlyForDeploymentPostprocessing = 0;
		};
		43C3066A1B79D75D00DEB6A4 /* Frameworks */ = {
			isa = PBXFrameworksBuildPhase;
			buildActionMask = 2147483647;
			files = (
				62798FF1436B89758C73F9B9 /* Pods.framework in Frameworks */,
			);
			runOnlyForDeploymentPostprocessing = 0;
		};
		43C306751B79D75D00DEB6A4 /* Frameworks */ = {
			isa = PBXFrameworksBuildPhase;
			buildActionMask = 2147483647;
			files = (
				43C306791B79D75D00DEB6A4 /* WaniKit.framework in Frameworks */,
			);
			runOnlyForDeploymentPostprocessing = 0;
		};
/* End PBXFrameworksBuildPhase section */

/* Begin PBXGroup section */
		2481F23E0E9C1BDFB82D2F93 /* Frameworks */ = {
			isa = PBXGroup;
			children = (
				43FD50F71BE01F1800944AC0 /* GameKit.framework */,
				08CAC6D6A8578DF22EC21F90 /* Pods.framework */,
			);
			name = Frameworks;
			sourceTree = "<group>";
		};
		432C071D1BB3272C0031B3B1 /* Cells */ = {
			isa = PBXGroup;
			children = (
				432C071E1BB3272C0031B3B1 /* AvaliableItemCell.swift */,
				432C071F1BB3272C0031B3B1 /* AvaliableItemCell.xib */,
				432C07201BB3272C0031B3B1 /* NextReviewCell.swift */,
				432C07211BB3272C0031B3B1 /* NextReviewCell.xib */,
				432C07221BB3272C0031B3B1 /* ReviewCell.swift */,
				432C07231BB3272C0031B3B1 /* ReviewCell.xib */,
				432C07241BB3272C0031B3B1 /* SettingsScriptCell.swift */,
				432C07251BB3272C0031B3B1 /* SettingsScriptCell.xib */,
				434673DB1BDE6F240095A4A3 /* GameCenterCollectionViewCell.swift */,
				434673DC1BDE6F240095A4A3 /* GameCenterCollectionViewCell.xib */,
				43AABDA31BEB47BC00F2D5B8 /* WordCell.swift */,
				43AABDA41BEB47BC00F2D5B8 /* WordCell.xib */,
			);
			path = Cells;
			sourceTree = "<group>";
		};
		432C07261BB3272C0031B3B1 /* Headers */ = {
			isa = PBXGroup;
			children = (
				43E4567C1BBAD47A0043ECAE /* ProgressHeader.swift */,
				43E4567E1BBAD4A30043ECAE /* ProgressHeader.xib */,
				432C07271BB3272C0031B3B1 /* DashboardHeader.swift */,
				432C07281BB3272C0031B3B1 /* DashboardHeader.xib */,
				43E456841BBC1FEF0043ECAE /* LevelInfoView.swift */,
				43E456861BBC1FFE0043ECAE /* LevelInfoView.xib */,
			);
			path = Headers;
			sourceTree = "<group>";
		};
		432C07291BB3272C0031B3B1 /* Views */ = {
			isa = PBXGroup;
			children = (
				432C072A1BB3272C0031B3B1 /* AIFlatSwitch.swift */,
				43B5F8AC1C0C84C900DA9893 /* DogeHintView.xib */,
				432C072B1BB3272C0031B3B1 /* DogeHintView.swift */,
				432C073A1BB338820031B3B1 /* SliceView.swift */,
				43E456801BBAD5690043ECAE /* DoubleProgressBar.swift */,
			);
			path = Views;
			sourceTree = "<group>";
		};
		4330D2D71BA83EA200255890 /* Utils */ = {
			isa = PBXGroup;
			children = (
				4330D2D81BA83EB800255890 /* Extensions.swift */,
			);
			path = Utils;
			sourceTree = "<group>";
		};
		433BDC221BFB3BA40025EB24 /* Setup */ = {
			isa = PBXGroup;
			children = (
				433BDC231BFB3BCC0025EB24 /* NotificationsSetupVC.swift */,
				433BDC271BFB4B290025EB24 /* GameCenterSetupVC.swift */,
				433BDC251BFB407F0025EB24 /* SetupStepViewController.swift */,
				433E16A01B8A3408007B7DE9 /* ApiKeyPickerController.swift */,
			);
			path = Setup;
			sourceTree = "<group>";
		};
		433E164C1B846016007B7DE9 /* Utils */ = {
			isa = PBXGroup;
			children = (
				43AFAFC51B8C96130016E55F /* Utils.swift */,
				433E165E1B84A6D0007B7DE9 /* DataFetchManager.swift */,
				433E164D1B846016007B7DE9 /* NotificationManager.swift */,
				43D748771BD7ADC200A11916 /* AwardsManager.swift */,
			);
			path = Utils;
			sourceTree = "<group>";
		};
		433E164E1B846016007B7DE9 /* ViewControllers */ = {
			isa = PBXGroup;
			children = (
				433BDC221BFB3BA40025EB24 /* Setup */,
				43EBC09D1BA5F6C000C0B390 /* SettingsViewController.swift */,
				43AD05321BA078A8000DBCBE /* ColorfullTabBarController.swift */,
				43AFAFC71B8CA1060016E55F /* WebViewController.swift */,
				433E164F1B846016007B7DE9 /* StudyQueueViewController.swift */,
				43CF8C1A1BB996C7009AA489 /* BrowserViewController.swift */,
				433A3FAC1BCFACDF009C0FF1 /* LoginWebViewController.swift */,
				434673D71BDE53B80095A4A3 /* GameCenterViewController.swift */,
				43AABDA11BEB452700F2D5B8 /* CriticalItemsViewController.swift */,
			);
			path = ViewControllers;
			sourceTree = "<group>";
		};
		433E16501B846016007B7DE9 /* Views */ = {
			isa = PBXGroup;
			children = (
				432C071D1BB3272C0031B3B1 /* Cells */,
				432C07261BB3272C0031B3B1 /* Headers */,
				432C07291BB3272C0031B3B1 /* Views */,
				433E16571B8465D1007B7DE9 /* Layouts */,
			);
			path = Views;
			sourceTree = "<group>";
		};
		433E16571B8465D1007B7DE9 /* Layouts */ = {
			isa = PBXGroup;
			children = (
				433E16581B8465D1007B7DE9 /* DashboardLayout.swift */,
				432C07381BB32CF90031B3B1 /* SettingsLayout.swift */,
				43E456821BBBD1A20043ECAE /* StratchyLayout.swift */,
				43E851B41BEBA6340030E52E /* CriticalItemsLayout.swift */,
			);
			path = Layouts;
			sourceTree = "<group>";
		};
		433E27F71B79D5E900BBB45E = {
			isa = PBXGroup;
			children = (
				433E28021B79D5E900BBB45E /* WaniKani */,
				433E28181B79D5E900BBB45E /* WaniKaniTests */,
				43C3066F1B79D75D00DEB6A4 /* WaniKit */,
				43C3067E1B79D75D00DEB6A4 /* WaniKitTests */,
				433E28011B79D5E900BBB45E /* Products */,
				4C7149E8EDAB8FE705410AF3 /* Pods */,
				2481F23E0E9C1BDFB82D2F93 /* Frameworks */,
			);
			sourceTree = "<group>";
		};
		433E28011B79D5E900BBB45E /* Products */ = {
			isa = PBXGroup;
			children = (
				433E28001B79D5E900BBB45E /* WaniKani.app */,
				433E28151B79D5E900BBB45E /* WaniKaniTests.xctest */,
				43C3066E1B79D75D00DEB6A4 /* WaniKit.framework */,
				43C306781B79D75D00DEB6A4 /* WaniKitTests.xctest */,
			);
			name = Products;
			sourceTree = "<group>";
		};
		433E28021B79D5E900BBB45E /* WaniKani */ = {
			isa = PBXGroup;
			children = (
				43AD052D1BA044BA000DBCBE /* User scripts */,
				433E164C1B846016007B7DE9 /* Utils */,
				433E164E1B846016007B7DE9 /* ViewControllers */,
				433E16501B846016007B7DE9 /* Views */,
				433E28051B79D5E900BBB45E /* AppDelegate.swift */,
				433E28091B79D5E900BBB45E /* Main.storyboard */,
				433E280C1B79D5E900BBB45E /* Images.xcassets */,
				433E280E1B79D5E900BBB45E /* LaunchScreen.xib */,
				433E28031B79D5E900BBB45E /* Supporting Files */,
			);
			path = WaniKani;
			sourceTree = "<group>";
		};
		433E28031B79D5E900BBB45E /* Supporting Files */ = {
			isa = PBXGroup;
			children = (
				431A31311BFF59600080944E /* Fipps-Regular.otf */,
				432C07171BB2E15A0031B3B1 /* notification.m4a */,
				43EBC0A01BA5FD7A00C0B390 /* Fabric.framework */,
				43EBC0A11BA5FD7A00C0B390 /* Crashlytics.framework */,
				433E28041B79D5E900BBB45E /* Info.plist */,
			);
			name = "Supporting Files";
			sourceTree = "<group>";
		};
		433E28181B79D5E900BBB45E /* WaniKaniTests */ = {
			isa = PBXGroup;
			children = (
				433E281B1B79D5E900BBB45E /* WaniKaniTests.swift */,
				433E28191B79D5E900BBB45E /* Supporting Files */,
			);
			path = WaniKaniTests;
			sourceTree = "<group>";
		};
		433E28191B79D5E900BBB45E /* Supporting Files */ = {
			isa = PBXGroup;
			children = (
				433E281A1B79D5E900BBB45E /* Info.plist */,
			);
			name = "Supporting Files";
			sourceTree = "<group>";
		};
		43AD052D1BA044BA000DBCBE /* User scripts */ = {
			isa = PBXGroup;
			children = (
				434673DF1BDEC8840095A4A3 /* score.js */,
				4329D0EB1BBD36E2009BEABF /* resize.js */,
				43850CF31B9DB86F00DFF6DD /* fast_forward.js */,
				432C073E1BB408AE0031B3B1 /* ignore.js */,
				43AD05301BA05648000DBCBE /* UserScriptsSuit.swift */,
				43AD052E1BA044BA000DBCBE /* UserScript.swift */,
				43CA140F1BC4FB6A00FBAD92 /* SettingsSuit.swift */,
			);
			path = "User scripts";
			sourceTree = "<group>";
		};
		43C3066F1B79D75D00DEB6A4 /* WaniKit */ = {
			isa = PBXGroup;
			children = (
				4330D2D71BA83EA200255890 /* Utils */,
				43D824FA1B7A2929003D26BE /* Model */,
				43C3068E1B79D79900DEB6A4 /* WaniApiManager.swift */,
				43C306721B79D75D00DEB6A4 /* WaniKit.h */,
				43C306701B79D75D00DEB6A4 /* Supporting Files */,
			);
			path = WaniKit;
			sourceTree = "<group>";
		};
		43C306701B79D75D00DEB6A4 /* Supporting Files */ = {
			isa = PBXGroup;
			children = (
				43C306711B79D75D00DEB6A4 /* Info.plist */,
			);
			name = "Supporting Files";
			sourceTree = "<group>";
		};
		43C3067E1B79D75D00DEB6A4 /* WaniKitTests */ = {
			isa = PBXGroup;
			children = (
				43C306811B79D75D00DEB6A4 /* WaniKitTests.swift */,
				43C3067F1B79D75D00DEB6A4 /* Supporting Files */,
				43F443681BA9AF2B00726619 /* WaniApiManagerTests.swift */,
				435E48651BE8C1CA00C06C3B /* CriticalItemsListTests.swift */,
				435E48671BE8D6A200C06C3B /* json.swift */,
			);
			path = WaniKitTests;
			sourceTree = "<group>";
		};
		43C3067F1B79D75D00DEB6A4 /* Supporting Files */ = {
			isa = PBXGroup;
			children = (
				43C306801B79D75D00DEB6A4 /* Info.plist */,
			);
			name = "Supporting Files";
			sourceTree = "<group>";
		};
		43D824FA1B7A2929003D26BE /* Model */ = {
			isa = PBXGroup;
			children = (
				43D824FD1B7B117A003D26BE /* StudyQueue.swift */,
				43D824FB1B7A2951003D26BE /* User.swift */,
				4329D0E91BBC6DB2009BEABF /* LevelProgression.swift */,
				435E48611BE88DB500C06C3B /* ReviewItem.swift */,
				435E48631BE89F1200C06C3B /* CriticalItemsList.swift */,
				43D824FF1B7B16AE003D26BE /* DictionaryConvertable.swift */,
			);
			path = Model;
			sourceTree = "<group>";
		};
		4C7149E8EDAB8FE705410AF3 /* Pods */ = {
			isa = PBXGroup;
			children = (
				3A92639A6694898D4DC3DEDB /* Pods.debug.xcconfig */,
				00FAC170856032B3D23D6BF7 /* Pods.release.xcconfig */,
			);
			name = Pods;
			sourceTree = "<group>";
		};
/* End PBXGroup section */

/* Begin PBXHeadersBuildPhase section */
		43C3066B1B79D75D00DEB6A4 /* Headers */ = {
			isa = PBXHeadersBuildPhase;
			buildActionMask = 2147483647;
			files = (
				43C306731B79D75D00DEB6A4 /* WaniKit.h in Headers */,
			);
			runOnlyForDeploymentPostprocessing = 0;
		};
/* End PBXHeadersBuildPhase section */

/* Begin PBXNativeTarget section */
		433E27FF1B79D5E900BBB45E /* WaniKani */ = {
			isa = PBXNativeTarget;
			buildConfigurationList = 433E281F1B79D5E900BBB45E /* Build configuration list for PBXNativeTarget "WaniKani" */;
			buildPhases = (
				B7B362596755079541161286 /* Check Pods Manifest.lock */,
				433E27FC1B79D5E900BBB45E /* Sources */,
				433E27FD1B79D5E900BBB45E /* Frameworks */,
				433E27FE1B79D5E900BBB45E /* Resources */,
				A84150EEB50626DD7E095E66 /* Embed Pods Frameworks */,
				8A779B57D099C1CAB69D47C0 /* Copy Pods Resources */,
				43C3068C1B79D75D00DEB6A4 /* Embed Frameworks */,
				43EBC09F1BA5FB7200C0B390 /* ShellScript */,
			);
			buildRules = (
			);
			dependencies = (
				43C306841B79D75D00DEB6A4 /* PBXTargetDependency */,
			);
			name = WaniKani;
			productName = WaniKani;
			productReference = 433E28001B79D5E900BBB45E /* WaniKani.app */;
			productType = "com.apple.product-type.application";
		};
		433E28141B79D5E900BBB45E /* WaniKaniTests */ = {
			isa = PBXNativeTarget;
			buildConfigurationList = 433E28221B79D5E900BBB45E /* Build configuration list for PBXNativeTarget "WaniKaniTests" */;
			buildPhases = (
				433E28111B79D5E900BBB45E /* Sources */,
				433E28121B79D5E900BBB45E /* Frameworks */,
				433E28131B79D5E900BBB45E /* Resources */,
			);
			buildRules = (
			);
			dependencies = (
				433E28171B79D5E900BBB45E /* PBXTargetDependency */,
			);
			name = WaniKaniTests;
			productName = WaniKaniTests;
			productReference = 433E28151B79D5E900BBB45E /* WaniKaniTests.xctest */;
			productType = "com.apple.product-type.bundle.unit-test";
		};
		43C3066D1B79D75D00DEB6A4 /* WaniKit */ = {
			isa = PBXNativeTarget;
			buildConfigurationList = 43C3068B1B79D75D00DEB6A4 /* Build configuration list for PBXNativeTarget "WaniKit" */;
			buildPhases = (
				01B11088131BD1B43DB92643 /* Check Pods Manifest.lock */,
				43C306691B79D75D00DEB6A4 /* Sources */,
				43C3066A1B79D75D00DEB6A4 /* Frameworks */,
				43C3066B1B79D75D00DEB6A4 /* Headers */,
				43C3066C1B79D75D00DEB6A4 /* Resources */,
			);
			buildRules = (
			);
			dependencies = (
			);
			name = WaniKit;
			productName = WaniKit;
			productReference = 43C3066E1B79D75D00DEB6A4 /* WaniKit.framework */;
			productType = "com.apple.product-type.framework";
		};
		43C306771B79D75D00DEB6A4 /* WaniKitTests */ = {
			isa = PBXNativeTarget;
			buildConfigurationList = 43C3068D1B79D75D00DEB6A4 /* Build configuration list for PBXNativeTarget "WaniKitTests" */;
			buildPhases = (
				43C306741B79D75D00DEB6A4 /* Sources */,
				43C306751B79D75D00DEB6A4 /* Frameworks */,
				43C306761B79D75D00DEB6A4 /* Resources */,
			);
			buildRules = (
			);
			dependencies = (
				43C3067B1B79D75D00DEB6A4 /* PBXTargetDependency */,
				43C3067D1B79D75D00DEB6A4 /* PBXTargetDependency */,
			);
			name = WaniKitTests;
			productName = WaniKitTests;
			productReference = 43C306781B79D75D00DEB6A4 /* WaniKitTests.xctest */;
			productType = "com.apple.product-type.bundle.unit-test";
		};
/* End PBXNativeTarget section */

/* Begin PBXProject section */
		433E27F81B79D5E900BBB45E /* Project object */ = {
			isa = PBXProject;
			attributes = {
				LastSwiftMigration = 0700;
				LastSwiftUpdateCheck = 0700;
				LastUpgradeCheck = 0700;
				ORGANIZATIONNAME = "Andriy K.";
				TargetAttributes = {
					433E27FF1B79D5E900BBB45E = {
						CreatedOnToolsVersion = 6.4;
						DevelopmentTeam = S55BP53VB8;
						SystemCapabilities = {
							com.apple.BackgroundModes = {
								enabled = 1;
							};
							com.apple.GameCenter = {
								enabled = 1;
							};
						};
					};
					433E28141B79D5E900BBB45E = {
						CreatedOnToolsVersion = 6.4;
						TestTargetID = 433E27FF1B79D5E900BBB45E;
					};
					43C3066D1B79D75D00DEB6A4 = {
						CreatedOnToolsVersion = 6.4;
					};
					43C306771B79D75D00DEB6A4 = {
						CreatedOnToolsVersion = 6.4;
						TestTargetID = 433E27FF1B79D5E900BBB45E;
					};
				};
			};
			buildConfigurationList = 433E27FB1B79D5E900BBB45E /* Build configuration list for PBXProject "WaniKani" */;
			compatibilityVersion = "Xcode 3.2";
			developmentRegion = English;
			hasScannedForEncodings = 0;
			knownRegions = (
				en,
				Base,
			);
			mainGroup = 433E27F71B79D5E900BBB45E;
			productRefGroup = 433E28011B79D5E900BBB45E /* Products */;
			projectDirPath = "";
			projectRoot = "";
			targets = (
				433E27FF1B79D5E900BBB45E /* WaniKani */,
				433E28141B79D5E900BBB45E /* WaniKaniTests */,
				43C3066D1B79D75D00DEB6A4 /* WaniKit */,
				43C306771B79D75D00DEB6A4 /* WaniKitTests */,
			);
		};
/* End PBXProject section */

/* Begin PBXResourcesBuildPhase section */
		433E27FE1B79D5E900BBB45E /* Resources */ = {
			isa = PBXResourcesBuildPhase;
			buildActionMask = 2147483647;
			files = (
				432C073F1BB408AE0031B3B1 /* ignore.js in Resources */,
				431A31321BFF59600080944E /* Fipps-Regular.otf in Resources */,
				432C072F1BB3272C0031B3B1 /* NextReviewCell.xib in Resources */,
				434673DE1BDE6F240095A4A3 /* GameCenterCollectionViewCell.xib in Resources */,
				432C07351BB3272C0031B3B1 /* DashboardHeader.xib in Resources */,
				432C07331BB3272C0031B3B1 /* SettingsScriptCell.xib in Resources */,
				4329D0EC1BBD36E2009BEABF /* resize.js in Resources */,
				432C07311BB3272C0031B3B1 /* ReviewCell.xib in Resources */,
				43E456871BBC1FFE0043ECAE /* LevelInfoView.xib in Resources */,
				432C072D1BB3272C0031B3B1 /* AvaliableItemCell.xib in Resources */,
				433E280B1B79D5E900BBB45E /* Main.storyboard in Resources */,
				433E28101B79D5E900BBB45E /* LaunchScreen.xib in Resources */,
				43AABDA61BEB47BC00F2D5B8 /* WordCell.xib in Resources */,
				43B5F8AA1C0C84C900DA9893 /* DogeHintView.xib in Resources */,
				432C07181BB2E15A0031B3B1 /* notification.m4a in Resources */,
				43E4567F1BBAD4A30043ECAE /* ProgressHeader.xib in Resources */,
				43850CF41B9DB86F00DFF6DD /* fast_forward.js in Resources */,
				433E280D1B79D5E900BBB45E /* Images.xcassets in Resources */,
				434673E01BDEC8840095A4A3 /* score.js in Resources */,
			);
			runOnlyForDeploymentPostprocessing = 0;
		};
		433E28131B79D5E900BBB45E /* Resources */ = {
			isa = PBXResourcesBuildPhase;
			buildActionMask = 2147483647;
			files = (
			);
			runOnlyForDeploymentPostprocessing = 0;
		};
		43C3066C1B79D75D00DEB6A4 /* Resources */ = {
			isa = PBXResourcesBuildPhase;
			buildActionMask = 2147483647;
			files = (
			);
			runOnlyForDeploymentPostprocessing = 0;
		};
		43C306761B79D75D00DEB6A4 /* Resources */ = {
			isa = PBXResourcesBuildPhase;
			buildActionMask = 2147483647;
			files = (
			);
			runOnlyForDeploymentPostprocessing = 0;
		};
/* End PBXResourcesBuildPhase section */

/* Begin PBXShellScriptBuildPhase section */
		01B11088131BD1B43DB92643 /* Check Pods Manifest.lock */ = {
			isa = PBXShellScriptBuildPhase;
			buildActionMask = 2147483647;
			files = (
			);
			inputPaths = (
			);
			name = "Check Pods Manifest.lock";
			outputPaths = (
			);
			runOnlyForDeploymentPostprocessing = 0;
			shellPath = /bin/sh;
			shellScript = "diff \"${PODS_ROOT}/../Podfile.lock\" \"${PODS_ROOT}/Manifest.lock\" > /dev/null\nif [[ $? != 0 ]] ; then\n    cat << EOM\nerror: The sandbox is not in sync with the Podfile.lock. Run 'pod install' or update your CocoaPods installation.\nEOM\n    exit 1\nfi\n";
			showEnvVarsInLog = 0;
		};
		43EBC09F1BA5FB7200C0B390 /* ShellScript */ = {
			isa = PBXShellScriptBuildPhase;
			buildActionMask = 2147483647;
			files = (
			);
			inputPaths = (
			);
			outputPaths = (
			);
			runOnlyForDeploymentPostprocessing = 0;
			shellPath = /bin/sh;
			shellScript = "./Fabric.framework/run d2e6cfd499572eade933f1e9b057bb480b76a6bf d205f448d0aa1e376b0eabab2a41a9bc57f0ba649ffacce809e2a504008cd420";
		};
		8A779B57D099C1CAB69D47C0 /* Copy Pods Resources */ = {
			isa = PBXShellScriptBuildPhase;
			buildActionMask = 2147483647;
			files = (
			);
			inputPaths = (
			);
			name = "Copy Pods Resources";
			outputPaths = (
			);
			runOnlyForDeploymentPostprocessing = 0;
			shellPath = /bin/sh;
			shellScript = "\"${SRCROOT}/Pods/Target Support Files/Pods/Pods-resources.sh\"\n";
			showEnvVarsInLog = 0;
		};
		A84150EEB50626DD7E095E66 /* Embed Pods Frameworks */ = {
			isa = PBXShellScriptBuildPhase;
			buildActionMask = 2147483647;
			files = (
			);
			inputPaths = (
			);
			name = "Embed Pods Frameworks";
			outputPaths = (
			);
			runOnlyForDeploymentPostprocessing = 0;
			shellPath = /bin/sh;
			shellScript = "\"${SRCROOT}/Pods/Target Support Files/Pods/Pods-frameworks.sh\"\n";
			showEnvVarsInLog = 0;
		};
		B7B362596755079541161286 /* Check Pods Manifest.lock */ = {
			isa = PBXShellScriptBuildPhase;
			buildActionMask = 2147483647;
			files = (
			);
			inputPaths = (
			);
			name = "Check Pods Manifest.lock";
			outputPaths = (
			);
			runOnlyForDeploymentPostprocessing = 0;
			shellPath = /bin/sh;
			shellScript = "diff \"${PODS_ROOT}/../Podfile.lock\" \"${PODS_ROOT}/Manifest.lock\" > /dev/null\nif [[ $? != 0 ]] ; then\n    cat << EOM\nerror: The sandbox is not in sync with the Podfile.lock. Run 'pod install' or update your CocoaPods installation.\nEOM\n    exit 1\nfi\n";
			showEnvVarsInLog = 0;
		};
/* End PBXShellScriptBuildPhase section */

/* Begin PBXSourcesBuildPhase section */
		433E27FC1B79D5E900BBB45E /* Sources */ = {
			isa = PBXSourcesBuildPhase;
			buildActionMask = 2147483647;
			files = (
				43CA14101BC4FB6A00FBAD92 /* SettingsSuit.swift in Sources */,
				433A3FAD1BCFACDF009C0FF1 /* LoginWebViewController.swift in Sources */,
				43E4567D1BBAD47A0043ECAE /* ProgressHeader.swift in Sources */,
				433E16A11B8A3408007B7DE9 /* ApiKeyPickerController.swift in Sources */,
				432C07301BB3272C0031B3B1 /* ReviewCell.swift in Sources */,
				43E456851BBC1FEF0043ECAE /* LevelInfoView.swift in Sources */,
				43AFAFC81B8CA1060016E55F /* WebViewController.swift in Sources */,
				433E16521B846016007B7DE9 /* StudyQueueViewController.swift in Sources */,
				433BDC261BFB407F0025EB24 /* SetupStepViewController.swift in Sources */,
				433E16511B846016007B7DE9 /* NotificationManager.swift in Sources */,
				432C072E1BB3272C0031B3B1 /* NextReviewCell.swift in Sources */,
				43E456811BBAD5690043ECAE /* DoubleProgressBar.swift in Sources */,
				432C073B1BB338820031B3B1 /* SliceView.swift in Sources */,
				432C07371BB3272C0031B3B1 /* DogeHintView.swift in Sources */,
				434673D81BDE53B80095A4A3 /* GameCenterViewController.swift in Sources */,
				433BDC281BFB4B290025EB24 /* GameCenterSetupVC.swift in Sources */,
				43D748781BD7ADC200A11916 /* AwardsManager.swift in Sources */,
				432C07361BB3272C0031B3B1 /* AIFlatSwitch.swift in Sources */,
				434673DD1BDE6F240095A4A3 /* GameCenterCollectionViewCell.swift in Sources */,
				43AD05331BA078A8000DBCBE /* ColorfullTabBarController.swift in Sources */,
				433E16591B8465D1007B7DE9 /* DashboardLayout.swift in Sources */,
				43CF8C1B1BB996C7009AA489 /* BrowserViewController.swift in Sources */,
				43AFAFC61B8C96130016E55F /* Utils.swift in Sources */,
				432C07321BB3272C0031B3B1 /* SettingsScriptCell.swift in Sources */,
				43E456831BBBD1A20043ECAE /* StratchyLayout.swift in Sources */,
				43AABDA51BEB47BC00F2D5B8 /* WordCell.swift in Sources */,
				432C072C1BB3272C0031B3B1 /* AvaliableItemCell.swift in Sources */,
				43AABDA21BEB452700F2D5B8 /* CriticalItemsViewController.swift in Sources */,
				433BDC241BFB3BCC0025EB24 /* NotificationsSetupVC.swift in Sources */,
				43AD05311BA05648000DBCBE /* UserScriptsSuit.swift in Sources */,
				432C07391BB32CF90031B3B1 /* SettingsLayout.swift in Sources */,
				433E28061B79D5E900BBB45E /* AppDelegate.swift in Sources */,
				43E851B51BEBA6340030E52E /* CriticalItemsLayout.swift in Sources */,
				432C07341BB3272C0031B3B1 /* DashboardHeader.swift in Sources */,
				43EBC09E1BA5F6C000C0B390 /* SettingsViewController.swift in Sources */,
				433E165F1B84A6D0007B7DE9 /* DataFetchManager.swift in Sources */,
				43AD052F1BA044BA000DBCBE /* UserScript.swift in Sources */,
			);
			runOnlyForDeploymentPostprocessing = 0;
		};
		433E28111B79D5E900BBB45E /* Sources */ = {
			isa = PBXSourcesBuildPhase;
			buildActionMask = 2147483647;
			files = (
				433E281C1B79D5E900BBB45E /* WaniKaniTests.swift in Sources */,
			);
			runOnlyForDeploymentPostprocessing = 0;
		};
		43C306691B79D75D00DEB6A4 /* Sources */ = {
			isa = PBXSourcesBuildPhase;
			buildActionMask = 2147483647;
			files = (
				4330D2D91BA83EB800255890 /* Extensions.swift in Sources */,
				435E48621BE88DB500C06C3B /* ReviewItem.swift in Sources */,
				43D824FE1B7B117A003D26BE /* StudyQueue.swift in Sources */,
				435E48641BE89F1200C06C3B /* CriticalItemsList.swift in Sources */,
				4329D0EA1BBC6DB2009BEABF /* LevelProgression.swift in Sources */,
				43D825001B7B16AE003D26BE /* DictionaryConvertable.swift in Sources */,
				43D824FC1B7A2951003D26BE /* User.swift in Sources */,
				43C3068F1B79D79900DEB6A4 /* WaniApiManager.swift in Sources */,
			);
			runOnlyForDeploymentPostprocessing = 0;
		};
		43C306741B79D75D00DEB6A4 /* Sources */ = {
			isa = PBXSourcesBuildPhase;
			buildActionMask = 2147483647;
			files = (
				435E48661BE8C1CA00C06C3B /* CriticalItemsListTests.swift in Sources */,
				43C306821B79D75D00DEB6A4 /* WaniKitTests.swift in Sources */,
				43F443691BA9AF2B00726619 /* WaniApiManagerTests.swift in Sources */,
				435E48681BE8D6A200C06C3B /* json.swift in Sources */,
			);
			runOnlyForDeploymentPostprocessing = 0;
		};
/* End PBXSourcesBuildPhase section */

/* Begin PBXTargetDependency section */
		433E28171B79D5E900BBB45E /* PBXTargetDependency */ = {
			isa = PBXTargetDependency;
			target = 433E27FF1B79D5E900BBB45E /* WaniKani */;
			targetProxy = 433E28161B79D5E900BBB45E /* PBXContainerItemProxy */;
		};
		43C3067B1B79D75D00DEB6A4 /* PBXTargetDependency */ = {
			isa = PBXTargetDependency;
			target = 43C3066D1B79D75D00DEB6A4 /* WaniKit */;
			targetProxy = 43C3067A1B79D75D00DEB6A4 /* PBXContainerItemProxy */;
		};
		43C3067D1B79D75D00DEB6A4 /* PBXTargetDependency */ = {
			isa = PBXTargetDependency;
			target = 433E27FF1B79D5E900BBB45E /* WaniKani */;
			targetProxy = 43C3067C1B79D75D00DEB6A4 /* PBXContainerItemProxy */;
		};
		43C306841B79D75D00DEB6A4 /* PBXTargetDependency */ = {
			isa = PBXTargetDependency;
			target = 43C3066D1B79D75D00DEB6A4 /* WaniKit */;
			targetProxy = 43C306831B79D75D00DEB6A4 /* PBXContainerItemProxy */;
		};
/* End PBXTargetDependency section */

/* Begin PBXVariantGroup section */
		433E28091B79D5E900BBB45E /* Main.storyboard */ = {
			isa = PBXVariantGroup;
			children = (
				433E280A1B79D5E900BBB45E /* Base */,
			);
			name = Main.storyboard;
			sourceTree = "<group>";
		};
		433E280E1B79D5E900BBB45E /* LaunchScreen.xib */ = {
			isa = PBXVariantGroup;
			children = (
				433E280F1B79D5E900BBB45E /* Base */,
			);
			name = LaunchScreen.xib;
			sourceTree = "<group>";
		};
		43B5F8AC1C0C84C900DA9893 /* DogeHintView.xib */ = {
			isa = PBXVariantGroup;
			children = (
				43B5F8AB1C0C84C900DA9893 /* Base */,
			);
			name = DogeHintView.xib;
			sourceTree = "<group>";
		};
/* End PBXVariantGroup section */

/* Begin XCBuildConfiguration section */
		433E281D1B79D5E900BBB45E /* Debug */ = {
			isa = XCBuildConfiguration;
			buildSettings = {
				ALWAYS_SEARCH_USER_PATHS = NO;
				CLANG_ALLOW_NON_MODULAR_INCLUDES_IN_FRAMEWORK_MODULES = YES;
				CLANG_CXX_LANGUAGE_STANDARD = "gnu++0x";
				CLANG_CXX_LIBRARY = "libc++";
				CLANG_ENABLE_MODULES = YES;
				CLANG_ENABLE_OBJC_ARC = YES;
				CLANG_WARN_BOOL_CONVERSION = YES;
				CLANG_WARN_CONSTANT_CONVERSION = YES;
				CLANG_WARN_DIRECT_OBJC_ISA_USAGE = YES_ERROR;
				CLANG_WARN_EMPTY_BODY = YES;
				CLANG_WARN_ENUM_CONVERSION = YES;
				CLANG_WARN_INT_CONVERSION = YES;
				CLANG_WARN_OBJC_ROOT_CLASS = YES_ERROR;
				CLANG_WARN_UNREACHABLE_CODE = YES;
				CLANG_WARN__DUPLICATE_METHOD_MATCH = YES;
				"CODE_SIGN_IDENTITY[sdk=iphoneos*]" = "iPhone Developer";
				COPY_PHASE_STRIP = NO;
				DEBUG_INFORMATION_FORMAT = "dwarf-with-dsym";
				ENABLE_STRICT_OBJC_MSGSEND = YES;
				ENABLE_TESTABILITY = YES;
				GCC_C_LANGUAGE_STANDARD = gnu99;
				GCC_DYNAMIC_NO_PIC = NO;
				GCC_NO_COMMON_BLOCKS = YES;
				GCC_OPTIMIZATION_LEVEL = 0;
				GCC_PREPROCESSOR_DEFINITIONS = (
					"DEBUG=1",
					"$(inherited)",
				);
				GCC_SYMBOLS_PRIVATE_EXTERN = NO;
				GCC_TREAT_WARNINGS_AS_ERRORS = YES;
				GCC_WARN_64_TO_32_BIT_CONVERSION = YES;
				GCC_WARN_ABOUT_RETURN_TYPE = YES_ERROR;
				GCC_WARN_UNDECLARED_SELECTOR = YES;
				GCC_WARN_UNINITIALIZED_AUTOS = YES_AGGRESSIVE;
				GCC_WARN_UNUSED_FUNCTION = YES;
				GCC_WARN_UNUSED_VARIABLE = YES;
				IPHONEOS_DEPLOYMENT_TARGET = 8.4;
				MTL_ENABLE_DEBUG_INFO = YES;
				ONLY_ACTIVE_ARCH = YES;
				PROVISIONING_PROFILE = "";
				SDKROOT = iphoneos;
				SWIFT_OPTIMIZATION_LEVEL = "-Onone";
				TARGETED_DEVICE_FAMILY = "1,2";
			};
			name = Debug;
		};
		433E281E1B79D5E900BBB45E /* Release */ = {
			isa = XCBuildConfiguration;
			buildSettings = {
				ALWAYS_SEARCH_USER_PATHS = NO;
				CLANG_ALLOW_NON_MODULAR_INCLUDES_IN_FRAMEWORK_MODULES = YES;
				CLANG_CXX_LANGUAGE_STANDARD = "gnu++0x";
				CLANG_CXX_LIBRARY = "libc++";
				CLANG_ENABLE_MODULES = YES;
				CLANG_ENABLE_OBJC_ARC = YES;
				CLANG_WARN_BOOL_CONVERSION = YES;
				CLANG_WARN_CONSTANT_CONVERSION = YES;
				CLANG_WARN_DIRECT_OBJC_ISA_USAGE = YES_ERROR;
				CLANG_WARN_EMPTY_BODY = YES;
				CLANG_WARN_ENUM_CONVERSION = YES;
				CLANG_WARN_INT_CONVERSION = YES;
				CLANG_WARN_OBJC_ROOT_CLASS = YES_ERROR;
				CLANG_WARN_UNREACHABLE_CODE = YES;
				CLANG_WARN__DUPLICATE_METHOD_MATCH = YES;
				"CODE_SIGN_IDENTITY[sdk=iphoneos*]" = "iPhone Developer";
				COPY_PHASE_STRIP = NO;
				DEBUG_INFORMATION_FORMAT = "dwarf-with-dsym";
				ENABLE_NS_ASSERTIONS = NO;
				ENABLE_STRICT_OBJC_MSGSEND = YES;
				GCC_C_LANGUAGE_STANDARD = gnu99;
				GCC_NO_COMMON_BLOCKS = YES;
				GCC_TREAT_WARNINGS_AS_ERRORS = YES;
				GCC_WARN_64_TO_32_BIT_CONVERSION = YES;
				GCC_WARN_ABOUT_RETURN_TYPE = YES_ERROR;
				GCC_WARN_UNDECLARED_SELECTOR = YES;
				GCC_WARN_UNINITIALIZED_AUTOS = YES_AGGRESSIVE;
				GCC_WARN_UNUSED_FUNCTION = YES;
				GCC_WARN_UNUSED_VARIABLE = YES;
				IPHONEOS_DEPLOYMENT_TARGET = 8.4;
				MTL_ENABLE_DEBUG_INFO = NO;
				PROVISIONING_PROFILE = "";
				SDKROOT = iphoneos;
				TARGETED_DEVICE_FAMILY = "1,2";
				VALIDATE_PRODUCT = YES;
			};
			name = Release;
		};
		433E28201B79D5E900BBB45E /* Debug */ = {
			isa = XCBuildConfiguration;
			baseConfigurationReference = 3A92639A6694898D4DC3DEDB /* Pods.debug.xcconfig */;
			buildSettings = {
				ASSETCATALOG_COMPILER_APPICON_NAME = AppIcon;
				CLANG_ALLOW_NON_MODULAR_INCLUDES_IN_FRAMEWORK_MODULES = YES;
				CODE_SIGN_IDENTITY = "iPhone Developer";
				"CODE_SIGN_IDENTITY[sdk=iphoneos*]" = "iPhone Developer";
				FRAMEWORK_SEARCH_PATHS = (
					"$(inherited)",
					"$(PROJECT_DIR)",
				);
				INFOPLIST_FILE = WaniKani/Info.plist;
				LD_RUNPATH_SEARCH_PATHS = "$(inherited) @executable_path/Frameworks";
				PRODUCT_BUNDLE_IDENTIFIER = com.haawa.WaniKani;
				PRODUCT_NAME = "$(TARGET_NAME)";
				PROVISIONING_PROFILE = "";
				TARGETED_DEVICE_FAMILY = 1;
			};
			name = Debug;
		};
		433E28211B79D5E900BBB45E /* Release */ = {
			isa = XCBuildConfiguration;
			baseConfigurationReference = 00FAC170856032B3D23D6BF7 /* Pods.release.xcconfig */;
			buildSettings = {
				ASSETCATALOG_COMPILER_APPICON_NAME = AppIcon;
				CLANG_ALLOW_NON_MODULAR_INCLUDES_IN_FRAMEWORK_MODULES = YES;
				CODE_SIGN_IDENTITY = "iPhone Developer";
				"CODE_SIGN_IDENTITY[sdk=iphoneos*]" = "iPhone Developer";
				FRAMEWORK_SEARCH_PATHS = (
					"$(inherited)",
					"$(PROJECT_DIR)",
				);
				INFOPLIST_FILE = WaniKani/Info.plist;
				LD_RUNPATH_SEARCH_PATHS = "$(inherited) @executable_path/Frameworks";
				PRODUCT_BUNDLE_IDENTIFIER = com.haawa.WaniKani;
				PRODUCT_NAME = "$(TARGET_NAME)";
				PROVISIONING_PROFILE = "";
				TARGETED_DEVICE_FAMILY = 1;
			};
			name = Release;
		};
		433E28231B79D5E900BBB45E /* Debug */ = {
			isa = XCBuildConfiguration;
			buildSettings = {
				BUNDLE_LOADER = "$(TEST_HOST)";
				FRAMEWORK_SEARCH_PATHS = (
					"$(SDKROOT)/Developer/Library/Frameworks",
					"$(inherited)",
				);
				GCC_PREPROCESSOR_DEFINITIONS = (
					"DEBUG=1",
					"$(inherited)",
				);
				INFOPLIST_FILE = WaniKaniTests/Info.plist;
				LD_RUNPATH_SEARCH_PATHS = "$(inherited) @executable_path/Frameworks @loader_path/Frameworks";
				PRODUCT_BUNDLE_IDENTIFIER = "com.haawa.$(PRODUCT_NAME:rfc1034identifier)";
				PRODUCT_NAME = "$(TARGET_NAME)";
				TEST_HOST = "$(BUILT_PRODUCTS_DIR)/WaniKani.app/WaniKani";
			};
			name = Debug;
		};
		433E28241B79D5E900BBB45E /* Release */ = {
			isa = XCBuildConfiguration;
			buildSettings = {
				BUNDLE_LOADER = "$(TEST_HOST)";
				FRAMEWORK_SEARCH_PATHS = (
					"$(SDKROOT)/Developer/Library/Frameworks",
					"$(inherited)",
				);
				INFOPLIST_FILE = WaniKaniTests/Info.plist;
				LD_RUNPATH_SEARCH_PATHS = "$(inherited) @executable_path/Frameworks @loader_path/Frameworks";
				PRODUCT_BUNDLE_IDENTIFIER = "com.haawa.$(PRODUCT_NAME:rfc1034identifier)";
				PRODUCT_NAME = "$(TARGET_NAME)";
				TEST_HOST = "$(BUILT_PRODUCTS_DIR)/WaniKani.app/WaniKani";
			};
			name = Release;
		};
		43C306871B79D75D00DEB6A4 /* Debug */ = {
			isa = XCBuildConfiguration;
			baseConfigurationReference = 3A92639A6694898D4DC3DEDB /* Pods.debug.xcconfig */;
			buildSettings = {
				CLANG_ALLOW_NON_MODULAR_INCLUDES_IN_FRAMEWORK_MODULES = YES;
				CURRENT_PROJECT_VERSION = 1;
				DEFINES_MODULE = YES;
				DYLIB_COMPATIBILITY_VERSION = 1;
				DYLIB_CURRENT_VERSION = 1;
				DYLIB_INSTALL_NAME_BASE = "@rpath";
				GCC_PREPROCESSOR_DEFINITIONS = (
					"DEBUG=1",
					"$(inherited)",
				);
				INFOPLIST_FILE = WaniKit/Info.plist;
				INSTALL_PATH = "$(LOCAL_LIBRARY_DIR)/Frameworks";
				LD_RUNPATH_SEARCH_PATHS = "$(inherited) @executable_path/Frameworks @loader_path/Frameworks";
				PRODUCT_BUNDLE_IDENTIFIER = "com.haawa.$(PRODUCT_NAME:rfc1034identifier)";
				PRODUCT_NAME = "$(TARGET_NAME)";
				PROVISIONING_PROFILE = "";
				SKIP_INSTALL = YES;
				VERSIONING_SYSTEM = "apple-generic";
				VERSION_INFO_PREFIX = "";
			};
			name = Debug;
		};
		43C306881B79D75D00DEB6A4 /* Release */ = {
			isa = XCBuildConfiguration;
			baseConfigurationReference = 00FAC170856032B3D23D6BF7 /* Pods.release.xcconfig */;
			buildSettings = {
				CLANG_ALLOW_NON_MODULAR_INCLUDES_IN_FRAMEWORK_MODULES = YES;
				CURRENT_PROJECT_VERSION = 1;
				DEFINES_MODULE = YES;
				DYLIB_COMPATIBILITY_VERSION = 1;
				DYLIB_CURRENT_VERSION = 1;
				DYLIB_INSTALL_NAME_BASE = "@rpath";
				INFOPLIST_FILE = WaniKit/Info.plist;
				INSTALL_PATH = "$(LOCAL_LIBRARY_DIR)/Frameworks";
				LD_RUNPATH_SEARCH_PATHS = "$(inherited) @executable_path/Frameworks @loader_path/Frameworks";
				PRODUCT_BUNDLE_IDENTIFIER = "com.haawa.$(PRODUCT_NAME:rfc1034identifier)";
				PRODUCT_NAME = "$(TARGET_NAME)";
				PROVISIONING_PROFILE = "";
				SKIP_INSTALL = YES;
				VERSIONING_SYSTEM = "apple-generic";
				VERSION_INFO_PREFIX = "";
			};
			name = Release;
		};
		43C306891B79D75D00DEB6A4 /* Debug */ = {
			isa = XCBuildConfiguration;
			buildSettings = {
				FRAMEWORK_SEARCH_PATHS = (
					"$(SDKROOT)/Developer/Library/Frameworks",
					"$(inherited)",
				);
				GCC_PREPROCESSOR_DEFINITIONS = (
					"DEBUG=1",
					"$(inherited)",
				);
				INFOPLIST_FILE = WaniKitTests/Info.plist;
				LD_RUNPATH_SEARCH_PATHS = "$(inherited) @executable_path/Frameworks @loader_path/Frameworks";
				PRODUCT_BUNDLE_IDENTIFIER = "com.haawa.$(PRODUCT_NAME:rfc1034identifier)";
				PRODUCT_NAME = "$(TARGET_NAME)";
				TEST_HOST = "$(BUILT_PRODUCTS_DIR)/WaniKani.app/WaniKani";
			};
			name = Debug;
		};
		43C3068A1B79D75D00DEB6A4 /* Release */ = {
			isa = XCBuildConfiguration;
			buildSettings = {
				FRAMEWORK_SEARCH_PATHS = (
					"$(SDKROOT)/Developer/Library/Frameworks",
					"$(inherited)",
				);
				INFOPLIST_FILE = WaniKitTests/Info.plist;
				LD_RUNPATH_SEARCH_PATHS = "$(inherited) @executable_path/Frameworks @loader_path/Frameworks";
				PRODUCT_BUNDLE_IDENTIFIER = "com.haawa.$(PRODUCT_NAME:rfc1034identifier)";
				PRODUCT_NAME = "$(TARGET_NAME)";
				TEST_HOST = "$(BUILT_PRODUCTS_DIR)/WaniKani.app/WaniKani";
			};
			name = Release;
		};
/* End XCBuildConfiguration section */

/* Begin XCConfigurationList section */
		433E27FB1B79D5E900BBB45E /* Build configuration list for PBXProject "WaniKani" */ = {
			isa = XCConfigurationList;
			buildConfigurations = (
				433E281D1B79D5E900BBB45E /* Debug */,
				433E281E1B79D5E900BBB45E /* Release */,
			);
			defaultConfigurationIsVisible = 0;
			defaultConfigurationName = Release;
		};
		433E281F1B79D5E900BBB45E /* Build configuration list for PBXNativeTarget "WaniKani" */ = {
			isa = XCConfigurationList;
			buildConfigurations = (
				433E28201B79D5E900BBB45E /* Debug */,
				433E28211B79D5E900BBB45E /* Release */,
			);
			defaultConfigurationIsVisible = 0;
			defaultConfigurationName = Release;
		};
		433E28221B79D5E900BBB45E /* Build configuration list for PBXNativeTarget "WaniKaniTests" */ = {
			isa = XCConfigurationList;
			buildConfigurations = (
				433E28231B79D5E900BBB45E /* Debug */,
				433E28241B79D5E900BBB45E /* Release */,
			);
			defaultConfigurationIsVisible = 0;
			defaultConfigurationName = Release;
		};
		43C3068B1B79D75D00DEB6A4 /* Build configuration list for PBXNativeTarget "WaniKit" */ = {
			isa = XCConfigurationList;
			buildConfigurations = (
				43C306871B79D75D00DEB6A4 /* Debug */,
				43C306881B79D75D00DEB6A4 /* Release */,
			);
			defaultConfigurationIsVisible = 0;
			defaultConfigurationName = Release;
		};
		43C3068D1B79D75D00DEB6A4 /* Build configuration list for PBXNativeTarget "WaniKitTests" */ = {
			isa = XCConfigurationList;
			buildConfigurations = (
				43C306891B79D75D00DEB6A4 /* Debug */,
				43C3068A1B79D75D00DEB6A4 /* Release */,
			);
			defaultConfigurationIsVisible = 0;
			defaultConfigurationName = Release;
		};
/* End XCConfigurationList section */
	};
	rootObject = 433E27F81B79D5E900BBB45E /* Project object */;
}
